
Microsoft Visual Studio Solution File, Format Version 12.00
# Visual Studio Version 16
VisualStudioVersion = 16.0.29911.84
MinimumVisualStudioVersion = 10.0.40219.1
Project("{9A19103F-16F7-4668-BE54-9A1E7A4F7556}") = "Lab7_ColorPalette", "Lab7_ColorPalette\Lab7_ColorPalette.csproj", "{CE905052-0B59-4364-BA51-7ADDF63D1091}"
EndProject
Project("{FAE04EC0-301F-11D3-BF4B-00C04F79EFBC}") = "Lab7_RunningButton", "Lab7_RunningButton\Lab7_RunningButton.csproj", "{A5974532-5A37-43E1-A13C-B21436040982}"
EndProject
Global
	GlobalSection(SolutionConfigurationPlatforms) = preSolution
		Debug|Any CPU = Debug|Any CPU
		Release|Any CPU = Release|Any CPU
	EndGlobalSection
	GlobalSection(ProjectConfigurationPlatforms) = postSolution
		{CE905052-0B59-4364-BA51-7ADDF63D1091}.Debug|Any CPU.ActiveCfg = Debug|Any CPU
		{CE905052-0B59-4364-BA51-7ADDF63D1091}.Debug|Any CPU.Build.0 = Debug|Any CPU
		{CE905052-0B59-4364-BA51-7ADDF63D1091}.Release|Any CPU.ActiveCfg = Release|Any CPU
		{CE905052-0B59-4364-BA51-7ADDF63D1091}.Release|Any CPU.Build.0 = Release|Any CPU
		{A5974532-5A37-43E1-A13C-B21436040982}.Debug|Any CPU.ActiveCfg = Debug|Any CPU
		{A5974532-5A37-43E1-A13C-B21436040982}.Debug|Any CPU.Build.0 = Debug|Any CPU
		{A5974532-5A37-43E1-A13C-B21436040982}.Release|Any CPU.ActiveCfg = Release|Any CPU
		{A5974532-5A37-43E1-A13C-B21436040982}.Release|Any CPU.Build.0 = Release|Any CPU
	EndGlobalSection
	GlobalSection(SolutionProperties) = preSolution
		HideSolutionNode = FALSE
	EndGlobalSection
	GlobalSection(ExtensibilityGlobals) = postSolution
		SolutionGuid = {5C2C3A67-4D3A-4576-8AC2-C6CD0E1951E4}
	EndGlobalSection
EndGlobal
